
Microsoft Visual Studio Solution File, Format Version 12.00
# Visual Studio Version 17
VisualStudioVersion = 17.9.34723.18
MinimumVisualStudioVersion = 10.0.40219.1
Project("{FAE04EC0-301F-11D3-BF4B-00C04F79EFBC}") = "Call API Conssole", "Call API Conssole\Call API Conssole.csproj", "{1D3A110E-7791-45CC-A684-5845A47C9C97}"
EndProject
Global
	GlobalSection(SolutionConfigurationPlatforms) = preSolution
		Debug|Any CPU = Debug|Any CPU
		Release|Any CPU = Release|Any CPU
	EndGlobalSection
	GlobalSection(ProjectConfigurationPlatforms) = postSolution
		{1D3A110E-7791-45CC-A684-5845A47C9C97}.Debug|Any CPU.ActiveCfg = Debug|Any CPU
		{1D3A110E-7791-45CC-A684-5845A47C9C97}.Debug|Any CPU.Build.0 = Debug|Any CPU
		{1D3A110E-7791-45CC-A684-5845A47C9C97}.Release|Any CPU.ActiveCfg = Release|Any CPU
		{1D3A110E-7791-45CC-A684-5845A47C9C97}.Release|Any CPU.Build.0 = Release|Any CPU
	EndGlobalSection
	GlobalSection(SolutionProperties) = preSolution
		HideSolutionNode = FALSE
	EndGlobalSection
	GlobalSection(ExtensibilityGlobals) = postSolution
		SolutionGuid = {BE59D3B5-BC2D-4A0A-B75E-774964728AC7}
	EndGlobalSection
EndGlobal
